// !$*UTF8*$!
{
	archiveVersion = 1;
	classes = {
	};
	objectVersion = 56;
	objects = {

/* Begin PBXBuildFile section */
		5D11C00E2C904B140054E1A4 /* StorageService.swift in Sources */ = {isa = PBXBuildFile; fileRef = 5D11C00D2C904B140054E1A4 /* StorageService.swift */; };
		5D11C0162C90C7250054E1A4 /* PhotosListViewController + Models.swift in Sources */ = {isa = PBXBuildFile; fileRef = 5D11C0152C90C7250054E1A4 /* PhotosListViewController + Models.swift */; };
		5D11C0182C90C8F20054E1A4 /* LoadingFooterView.swift in Sources */ = {isa = PBXBuildFile; fileRef = 5D11C0172C90C8F20054E1A4 /* LoadingFooterView.swift */; };
		5D3DDE752C8C8CB700E532BB /* AppDelegate.swift in Sources */ = {isa = PBXBuildFile; fileRef = 5D3DDE742C8C8CB700E532BB /* AppDelegate.swift */; };
		5D3DDE772C8C8CB700E532BB /* SceneDelegate.swift in Sources */ = {isa = PBXBuildFile; fileRef = 5D3DDE762C8C8CB700E532BB /* SceneDelegate.swift */; };
		5D3DDE792C8C8CB700E532BB /* PhotosListViewController.swift in Sources */ = {isa = PBXBuildFile; fileRef = 5D3DDE782C8C8CB700E532BB /* PhotosListViewController.swift */; };
		5D3DDE7E2C8C8CB800E532BB /* Assets.xcassets in Resources */ = {isa = PBXBuildFile; fileRef = 5D3DDE7D2C8C8CB800E532BB /* Assets.xcassets */; };
		5D3DDE812C8C8CB800E532BB /* Base in Resources */ = {isa = PBXBuildFile; fileRef = 5D3DDE802C8C8CB800E532BB /* Base */; };
		5D3DDE8E2C8C910500E532BB /* AppCoordinator.swift in Sources */ = {isa = PBXBuildFile; fileRef = 5D3DDE8D2C8C910500E532BB /* AppCoordinator.swift */; };
		5D3DDE922C8C954F00E532BB /* PhotosDetailsViewController.swift in Sources */ = {isa = PBXBuildFile; fileRef = 5D3DDE912C8C954F00E532BB /* PhotosDetailsViewController.swift */; };
		5D3DDE952C8CA19700E532BB /* UICollectionViewCell + Extension.swift in Sources */ = {isa = PBXBuildFile; fileRef = 5D3DDE942C8CA19700E532BB /* UICollectionViewCell + Extension.swift */; };
		5D3DDE972C8CA2D400E532BB /* PhotoCell.swift in Sources */ = {isa = PBXBuildFile; fileRef = 5D3DDE962C8CA2D400E532BB /* PhotoCell.swift */; };
		5D43589C2C91F6BE001E60C1 /* AppError.swift in Sources */ = {isa = PBXBuildFile; fileRef = 5D43589B2C91F6BE001E60C1 /* AppError.swift */; };
		5D8AD4E32C8DFEF1007F1026 /* SearchQueriesService.swift in Sources */ = {isa = PBXBuildFile; fileRef = 5D8AD4E22C8DFEF1007F1026 /* SearchQueriesService.swift */; };
		5DA6E0FD2C8DCEFF004C175D /* PhotosListViewController + UICollectionViewDelegate.swift in Sources */ = {isa = PBXBuildFile; fileRef = 5DA6E0FC2C8DCEFF004C175D /* PhotosListViewController + UICollectionViewDelegate.swift */; };
		5DA6E0FF2C8DCF0F004C175D /* PhotosListViewController + UISearchBarDelegate.swift in Sources */ = {isa = PBXBuildFile; fileRef = 5DA6E0FE2C8DCF0F004C175D /* PhotosListViewController + UISearchBarDelegate.swift */; };
		5DA6E1032C8DCF27004C175D /* PhotosListViewController + UISearchControllerDelegate.swift in Sources */ = {isa = PBXBuildFile; fileRef = 5DA6E1022C8DCF27004C175D /* PhotosListViewController + UISearchControllerDelegate.swift */; };
		5DA6E1052C8DD67F004C175D /* SearchSuggestionCell.swift in Sources */ = {isa = PBXBuildFile; fileRef = 5DA6E1042C8DD67F004C175D /* SearchSuggestionCell.swift */; };
		5DA6E1072C8DD69B004C175D /* UITableViewCell + Extension.swift in Sources */ = {isa = PBXBuildFile; fileRef = 5DA6E1062C8DD69B004C175D /* UITableViewCell + Extension.swift */; };
		5DA6E1092C8DDA32004C175D /* PhotosListViewController + UITableViewDelegate.swift in Sources */ = {isa = PBXBuildFile; fileRef = 5DA6E1082C8DDA32004C175D /* PhotosListViewController + UITableViewDelegate.swift */; };
		5DADC9F42C8F3118007EBFEF /* PhotosListBuilder.swift in Sources */ = {isa = PBXBuildFile; fileRef = 5DADC9F32C8F3118007EBFEF /* PhotosListBuilder.swift */; };
		5DADC9F62C8F3291007EBFEF /* PhotosListInteractor.swift in Sources */ = {isa = PBXBuildFile; fileRef = 5DADC9F52C8F3291007EBFEF /* PhotosListInteractor.swift */; };
		5DADC9F82C8F32B0007EBFEF /* PhotosListPresenter.swift in Sources */ = {isa = PBXBuildFile; fileRef = 5DADC9F72C8F32B0007EBFEF /* PhotosListPresenter.swift */; };
		5DADC9FA2C8F3949007EBFEF /* ImageService.swift in Sources */ = {isa = PBXBuildFile; fileRef = 5DADC9F92C8F3949007EBFEF /* ImageService.swift */; };
		5DADC9FD2C8F3AFD007EBFEF /* Photo.swift in Sources */ = {isa = PBXBuildFile; fileRef = 5DADC9FC2C8F3AFD007EBFEF /* Photo.swift */; };
		5DADCA002C8F3B99007EBFEF /* PhotoApi.swift in Sources */ = {isa = PBXBuildFile; fileRef = 5DADC9FF2C8F3B99007EBFEF /* PhotoApi.swift */; };
		5DADCA022C8F3EFE007EBFEF /* Networker.swift in Sources */ = {isa = PBXBuildFile; fileRef = 5DADCA012C8F3EFE007EBFEF /* Networker.swift */; };
		5DADCA042C8F4028007EBFEF /* NetworkError.swift in Sources */ = {isa = PBXBuildFile; fileRef = 5DADCA032C8F4028007EBFEF /* NetworkError.swift */; };
/* End PBXBuildFile section */

/* Begin PBXFileReference section */
		5D11C00D2C904B140054E1A4 /* StorageService.swift */ = {isa = PBXFileReference; lastKnownFileType = sourcecode.swift; path = StorageService.swift; sourceTree = "<group>"; };
		5D11C0152C90C7250054E1A4 /* PhotosListViewController + Models.swift */ = {isa = PBXFileReference; lastKnownFileType = sourcecode.swift; path = "PhotosListViewController + Models.swift"; sourceTree = "<group>"; };
		5D11C0172C90C8F20054E1A4 /* LoadingFooterView.swift */ = {isa = PBXFileReference; lastKnownFileType = sourcecode.swift; path = LoadingFooterView.swift; sourceTree = "<group>"; };
		5D3DDE712C8C8CB700E532BB /* ImageApp.app */ = {isa = PBXFileReference; explicitFileType = wrapper.application; includeInIndex = 0; path = ImageApp.app; sourceTree = BUILT_PRODUCTS_DIR; };
		5D3DDE742C8C8CB700E532BB /* AppDelegate.swift */ = {isa = PBXFileReference; lastKnownFileType = sourcecode.swift; path = AppDelegate.swift; sourceTree = "<group>"; };
		5D3DDE762C8C8CB700E532BB /* SceneDelegate.swift */ = {isa = PBXFileReference; lastKnownFileType = sourcecode.swift; path = SceneDelegate.swift; sourceTree = "<group>"; };
		5D3DDE782C8C8CB700E532BB /* PhotosListViewController.swift */ = {isa = PBXFileReference; lastKnownFileType = sourcecode.swift; path = PhotosListViewController.swift; sourceTree = "<group>"; };
		5D3DDE7D2C8C8CB800E532BB /* Assets.xcassets */ = {isa = PBXFileReference; lastKnownFileType = folder.assetcatalog; path = Assets.xcassets; sourceTree = "<group>"; };
		5D3DDE802C8C8CB800E532BB /* Base */ = {isa = PBXFileReference; lastKnownFileType = file.storyboard; name = Base; path = Base.lproj/LaunchScreen.storyboard; sourceTree = "<group>"; };
		5D3DDE822C8C8CB800E532BB /* Info.plist */ = {isa = PBXFileReference; lastKnownFileType = text.plist.xml; path = Info.plist; sourceTree = "<group>"; };
		5D3DDE8D2C8C910500E532BB /* AppCoordinator.swift */ = {isa = PBXFileReference; lastKnownFileType = sourcecode.swift; path = AppCoordinator.swift; sourceTree = "<group>"; };
		5D3DDE912C8C954F00E532BB /* PhotosDetailsViewController.swift */ = {isa = PBXFileReference; lastKnownFileType = sourcecode.swift; path = PhotosDetailsViewController.swift; sourceTree = "<group>"; };
		5D3DDE942C8CA19700E532BB /* UICollectionViewCell + Extension.swift */ = {isa = PBXFileReference; lastKnownFileType = sourcecode.swift; path = "UICollectionViewCell + Extension.swift"; sourceTree = "<group>"; };
		5D3DDE962C8CA2D400E532BB /* PhotoCell.swift */ = {isa = PBXFileReference; lastKnownFileType = sourcecode.swift; path = PhotoCell.swift; sourceTree = "<group>"; };
		5D43589B2C91F6BE001E60C1 /* AppError.swift */ = {isa = PBXFileReference; lastKnownFileType = sourcecode.swift; path = AppError.swift; sourceTree = "<group>"; };
		5D8AD4E22C8DFEF1007F1026 /* SearchQueriesService.swift */ = {isa = PBXFileReference; lastKnownFileType = sourcecode.swift; path = SearchQueriesService.swift; sourceTree = "<group>"; };
		5DA6E0FC2C8DCEFF004C175D /* PhotosListViewController + UICollectionViewDelegate.swift */ = {isa = PBXFileReference; lastKnownFileType = sourcecode.swift; path = "PhotosListViewController + UICollectionViewDelegate.swift"; sourceTree = "<group>"; };
		5DA6E0FE2C8DCF0F004C175D /* PhotosListViewController + UISearchBarDelegate.swift */ = {isa = PBXFileReference; lastKnownFileType = sourcecode.swift; path = "PhotosListViewController + UISearchBarDelegate.swift"; sourceTree = "<group>"; };
		5DA6E1022C8DCF27004C175D /* PhotosListViewController + UISearchControllerDelegate.swift */ = {isa = PBXFileReference; lastKnownFileType = sourcecode.swift; path = "PhotosListViewController + UISearchControllerDelegate.swift"; sourceTree = "<group>"; };
		5DA6E1042C8DD67F004C175D /* SearchSuggestionCell.swift */ = {isa = PBXFileReference; lastKnownFileType = sourcecode.swift; path = SearchSuggestionCell.swift; sourceTree = "<group>"; };
		5DA6E1062C8DD69B004C175D /* UITableViewCell + Extension.swift */ = {isa = PBXFileReference; lastKnownFileType = sourcecode.swift; path = "UITableViewCell + Extension.swift"; sourceTree = "<group>"; };
		5DA6E1082C8DDA32004C175D /* PhotosListViewController + UITableViewDelegate.swift */ = {isa = PBXFileReference; lastKnownFileType = sourcecode.swift; path = "PhotosListViewController + UITableViewDelegate.swift"; sourceTree = "<group>"; };
		5DADC9F32C8F3118007EBFEF /* PhotosListBuilder.swift */ = {isa = PBXFileReference; lastKnownFileType = sourcecode.swift; path = PhotosListBuilder.swift; sourceTree = "<group>"; };
		5DADC9F52C8F3291007EBFEF /* PhotosListInteractor.swift */ = {isa = PBXFileReference; lastKnownFileType = sourcecode.swift; path = PhotosListInteractor.swift; sourceTree = "<group>"; };
		5DADC9F72C8F32B0007EBFEF /* PhotosListPresenter.swift */ = {isa = PBXFileReference; lastKnownFileType = sourcecode.swift; path = PhotosListPresenter.swift; sourceTree = "<group>"; };
		5DADC9F92C8F3949007EBFEF /* ImageService.swift */ = {isa = PBXFileReference; lastKnownFileType = sourcecode.swift; path = ImageService.swift; sourceTree = "<group>"; };
		5DADC9FC2C8F3AFD007EBFEF /* Photo.swift */ = {isa = PBXFileReference; lastKnownFileType = sourcecode.swift; path = Photo.swift; sourceTree = "<group>"; };
		5DADC9FF2C8F3B99007EBFEF /* PhotoApi.swift */ = {isa = PBXFileReference; lastKnownFileType = sourcecode.swift; path = PhotoApi.swift; sourceTree = "<group>"; };
		5DADCA012C8F3EFE007EBFEF /* Networker.swift */ = {isa = PBXFileReference; lastKnownFileType = sourcecode.swift; path = Networker.swift; sourceTree = "<group>"; };
		5DADCA032C8F4028007EBFEF /* NetworkError.swift */ = {isa = PBXFileReference; lastKnownFileType = sourcecode.swift; path = NetworkError.swift; sourceTree = "<group>"; };
/* End PBXFileReference section */

/* Begin PBXFrameworksBuildPhase section */
		5D3DDE6E2C8C8CB700E532BB /* Frameworks */ = {
			isa = PBXFrameworksBuildPhase;
			buildActionMask = 2147483647;
			files = (
			);
			runOnlyForDeploymentPostprocessing = 0;
		};
/* End PBXFrameworksBuildPhase section */

/* Begin PBXGroup section */
		5D3DDE682C8C8CB700E532BB = {
			isa = PBXGroup;
			children = (
				5D3DDE732C8C8CB700E532BB /* ImageApp */,
				5D3DDE722C8C8CB700E532BB /* Products */,
			);
			sourceTree = "<group>";
		};
		5D3DDE722C8C8CB700E532BB /* Products */ = {
			isa = PBXGroup;
			children = (
				5D3DDE712C8C8CB700E532BB /* ImageApp.app */,
			);
			name = Products;
			sourceTree = "<group>";
		};
		5D3DDE732C8C8CB700E532BB /* ImageApp */ = {
			isa = PBXGroup;
			children = (
				5D3DDE882C8C8CDC00E532BB /* App */,
				5D3DDE8C2C8C90F100E532BB /* Coordinator */,
				5D3DDE8B2C8C8D2F00E532BB /* Modules */,
				5DADC9FB2C8F3AF5007EBFEF /* Models */,
				5D8AD4E12C8DFE71007F1026 /* Services */,
				5D43589A2C91F6AD001E60C1 /* Common */,
				5D3DDE892C8C8CE700E532BB /* Resources */,
				5D3DDE8A2C8C8CFA00E532BB /* Storyboards */,
				5D3DDE932C8CA17900E532BB /* Extensions */,
				5D3DDE822C8C8CB800E532BB /* Info.plist */,
			);
			path = ImageApp;
			sourceTree = "<group>";
		};
		5D3DDE882C8C8CDC00E532BB /* App */ = {
			isa = PBXGroup;
			children = (
				5D3DDE742C8C8CB700E532BB /* AppDelegate.swift */,
				5D3DDE762C8C8CB700E532BB /* SceneDelegate.swift */,
			);
			path = App;
			sourceTree = "<group>";
		};
		5D3DDE892C8C8CE700E532BB /* Resources */ = {
			isa = PBXGroup;
			children = (
				5D3DDE7D2C8C8CB800E532BB /* Assets.xcassets */,
			);
			path = Resources;
			sourceTree = "<group>";
		};
		5D3DDE8A2C8C8CFA00E532BB /* Storyboards */ = {
			isa = PBXGroup;
			children = (
				5D3DDE7F2C8C8CB800E532BB /* LaunchScreen.storyboard */,
			);
			path = Storyboards;
			sourceTree = "<group>";
		};
		5D3DDE8B2C8C8D2F00E532BB /* Modules */ = {
			isa = PBXGroup;
			children = (
				5D3DDE8F2C8C952900E532BB /* PhotosList */,
				5D3DDE902C8C953200E532BB /* PhotosDeatils */,
			);
			path = Modules;
			sourceTree = "<group>";
		};
		5D3DDE8C2C8C90F100E532BB /* Coordinator */ = {
			isa = PBXGroup;
			children = (
				5D3DDE8D2C8C910500E532BB /* AppCoordinator.swift */,
			);
			path = Coordinator;
			sourceTree = "<group>";
		};
		5D3DDE8F2C8C952900E532BB /* PhotosList */ = {
			isa = PBXGroup;
			children = (
				5DADC9F32C8F3118007EBFEF /* PhotosListBuilder.swift */,
				5D3DDE782C8C8CB700E532BB /* PhotosListViewController.swift */,
				5DADC9F52C8F3291007EBFEF /* PhotosListInteractor.swift */,
				5DADC9F72C8F32B0007EBFEF /* PhotosListPresenter.swift */,
				5DA6E0F52C8DC435004C175D /* Extensions */,
				5DADC9F22C8F3100007EBFEF /* Views */,
			);
			path = PhotosList;
			sourceTree = "<group>";
		};
		5D3DDE902C8C953200E532BB /* PhotosDeatils */ = {
			isa = PBXGroup;
			children = (
				5D3DDE912C8C954F00E532BB /* PhotosDetailsViewController.swift */,
			);
			path = PhotosDeatils;
			sourceTree = "<group>";
		};
		5D3DDE932C8CA17900E532BB /* Extensions */ = {
			isa = PBXGroup;
			children = (
				5D3DDE942C8CA19700E532BB /* UICollectionViewCell + Extension.swift */,
				5DA6E1062C8DD69B004C175D /* UITableViewCell + Extension.swift */,
			);
			path = Extensions;
			sourceTree = "<group>";
		};
		5D43589A2C91F6AD001E60C1 /* Common */ = {
			isa = PBXGroup;
			children = (
				5D43589B2C91F6BE001E60C1 /* AppError.swift */,
			);
			path = Common;
			sourceTree = "<group>";
		};
		5D8AD4E12C8DFE71007F1026 /* Services */ = {
			isa = PBXGroup;
			children = (
				5DADC9FE2C8F3B86007EBFEF /* Networking */,
				5D8AD4E22C8DFEF1007F1026 /* SearchQueriesService.swift */,
				5DADC9F92C8F3949007EBFEF /* ImageService.swift */,
				5D11C00D2C904B140054E1A4 /* StorageService.swift */,
			);
			path = Services;
			sourceTree = "<group>";
		};
		5DA6E0F52C8DC435004C175D /* Extensions */ = {
			isa = PBXGroup;
			children = (
				5D11C0152C90C7250054E1A4 /* PhotosListViewController + Models.swift */,
				5DA6E0FC2C8DCEFF004C175D /* PhotosListViewController + UICollectionViewDelegate.swift */,
				5DA6E1022C8DCF27004C175D /* PhotosListViewController + UISearchControllerDelegate.swift */,
				5DA6E0FE2C8DCF0F004C175D /* PhotosListViewController + UISearchBarDelegate.swift */,
				5DA6E1082C8DDA32004C175D /* PhotosListViewController + UITableViewDelegate.swift */,
			);
			path = Extensions;
			sourceTree = "<group>";
		};
		5DADC9F22C8F3100007EBFEF /* Views */ = {
			isa = PBXGroup;
			children = (
				5D3DDE962C8CA2D400E532BB /* PhotoCell.swift */,
				5D11C0172C90C8F20054E1A4 /* LoadingFooterView.swift */,
				5DA6E1042C8DD67F004C175D /* SearchSuggestionCell.swift */,
			);
			path = Views;
			sourceTree = "<group>";
		};
		5DADC9FB2C8F3AF5007EBFEF /* Models */ = {
			isa = PBXGroup;
			children = (
				5DADC9FC2C8F3AFD007EBFEF /* Photo.swift */,
			);
			path = Models;
			sourceTree = "<group>";
		};
		5DADC9FE2C8F3B86007EBFEF /* Networking */ = {
			isa = PBXGroup;
			children = (
				5DADC9FF2C8F3B99007EBFEF /* PhotoApi.swift */,
				5DADCA012C8F3EFE007EBFEF /* Networker.swift */,
				5DADCA032C8F4028007EBFEF /* NetworkError.swift */,
			);
			path = Networking;
			sourceTree = "<group>";
		};
/* End PBXGroup section */

/* Begin PBXNativeTarget section */
		5D3DDE702C8C8CB700E532BB /* ImageApp */ = {
			isa = PBXNativeTarget;
			buildConfigurationList = 5D3DDE852C8C8CB800E532BB /* Build configuration list for PBXNativeTarget "ImageApp" */;
			buildPhases = (
				5D3DDE6D2C8C8CB700E532BB /* Sources */,
				5D3DDE6E2C8C8CB700E532BB /* Frameworks */,
				5D3DDE6F2C8C8CB700E532BB /* Resources */,
			);
			buildRules = (
			);
			dependencies = (
			);
			name = ImageApp;
			productName = ImageApp;
			productReference = 5D3DDE712C8C8CB700E532BB /* ImageApp.app */;
			productType = "com.apple.product-type.application";
		};
/* End PBXNativeTarget section */

/* Begin PBXProject section */
		5D3DDE692C8C8CB700E532BB /* Project object */ = {
			isa = PBXProject;
			attributes = {
				BuildIndependentTargetsInParallel = 1;
				LastSwiftUpdateCheck = 1540;
				LastUpgradeCheck = 1540;
				TargetAttributes = {
					5D3DDE702C8C8CB700E532BB = {
						CreatedOnToolsVersion = 15.4;
					};
				};
			};
			buildConfigurationList = 5D3DDE6C2C8C8CB700E532BB /* Build configuration list for PBXProject "ImageApp" */;
			compatibilityVersion = "Xcode 14.0";
			developmentRegion = en;
			hasScannedForEncodings = 0;
			knownRegions = (
				en,
				Base,
			);
			mainGroup = 5D3DDE682C8C8CB700E532BB;
			productRefGroup = 5D3DDE722C8C8CB700E532BB /* Products */;
			projectDirPath = "";
			projectRoot = "";
			targets = (
				5D3DDE702C8C8CB700E532BB /* ImageApp */,
			);
		};
/* End PBXProject section */

/* Begin PBXResourcesBuildPhase section */
		5D3DDE6F2C8C8CB700E532BB /* Resources */ = {
			isa = PBXResourcesBuildPhase;
			buildActionMask = 2147483647;
			files = (
				5D3DDE7E2C8C8CB800E532BB /* Assets.xcassets in Resources */,
				5D3DDE812C8C8CB800E532BB /* Base in Resources */,
			);
			runOnlyForDeploymentPostprocessing = 0;
		};
/* End PBXResourcesBuildPhase section */

/* Begin PBXSourcesBuildPhase section */
		5D3DDE6D2C8C8CB700E532BB /* Sources */ = {
			isa = PBXSourcesBuildPhase;
			buildActionMask = 2147483647;
			files = (
				5DA6E1052C8DD67F004C175D /* SearchSuggestionCell.swift in Sources */,
				5DA6E1072C8DD69B004C175D /* UITableViewCell + Extension.swift in Sources */,
				5D8AD4E32C8DFEF1007F1026 /* SearchQueriesService.swift in Sources */,
				5DADCA022C8F3EFE007EBFEF /* Networker.swift in Sources */,
				5D43589C2C91F6BE001E60C1 /* AppError.swift in Sources */,
				5DA6E1032C8DCF27004C175D /* PhotosListViewController + UISearchControllerDelegate.swift in Sources */,
				5D3DDE972C8CA2D400E532BB /* PhotoCell.swift in Sources */,
				5D11C00E2C904B140054E1A4 /* StorageService.swift in Sources */,
				5D3DDE952C8CA19700E532BB /* UICollectionViewCell + Extension.swift in Sources */,
				5D3DDE8E2C8C910500E532BB /* AppCoordinator.swift in Sources */,
				5D3DDE792C8C8CB700E532BB /* PhotosListViewController.swift in Sources */,
				5DADC9F42C8F3118007EBFEF /* PhotosListBuilder.swift in Sources */,
				5D3DDE752C8C8CB700E532BB /* AppDelegate.swift in Sources */,
				5D3DDE922C8C954F00E532BB /* PhotosDetailsViewController.swift in Sources */,
				5D11C0182C90C8F20054E1A4 /* LoadingFooterView.swift in Sources */,
				5D3DDE772C8C8CB700E532BB /* SceneDelegate.swift in Sources */,
				5DADC9FD2C8F3AFD007EBFEF /* Photo.swift in Sources */,
				5DA6E0FF2C8DCF0F004C175D /* PhotosListViewController + UISearchBarDelegate.swift in Sources */,
				5DADC9F62C8F3291007EBFEF /* PhotosListInteractor.swift in Sources */,
				5D11C0162C90C7250054E1A4 /* PhotosListViewController + Models.swift in Sources */,
				5DA6E1092C8DDA32004C175D /* PhotosListViewController + UITableViewDelegate.swift in Sources */,
				5DADC9FA2C8F3949007EBFEF /* ImageService.swift in Sources */,
				5DADCA002C8F3B99007EBFEF /* PhotoApi.swift in Sources */,
				5DADCA042C8F4028007EBFEF /* NetworkError.swift in Sources */,
				5DA6E0FD2C8DCEFF004C175D /* PhotosListViewController + UICollectionViewDelegate.swift in Sources */,
				5DADC9F82C8F32B0007EBFEF /* PhotosListPresenter.swift in Sources */,
			);
			runOnlyForDeploymentPostprocessing = 0;
		};
/* End PBXSourcesBuildPhase section */

/* Begin PBXVariantGroup section */
		5D3DDE7F2C8C8CB800E532BB /* LaunchScreen.storyboard */ = {
			isa = PBXVariantGroup;
			children = (
				5D3DDE802C8C8CB800E532BB /* Base */,
			);
			name = LaunchScreen.storyboard;
			sourceTree = "<group>";
		};
/* End PBXVariantGroup section */

/* Begin XCBuildConfiguration section */
		5D3DDE832C8C8CB800E532BB /* Debug */ = {
			isa = XCBuildConfiguration;
			buildSettings = {
				ALWAYS_SEARCH_USER_PATHS = NO;
				ASSETCATALOG_COMPILER_GENERATE_SWIFT_ASSET_SYMBOL_EXTENSIONS = YES;
				CLANG_ANALYZER_NONNULL = YES;
				CLANG_ANALYZER_NUMBER_OBJECT_CONVERSION = YES_AGGRESSIVE;
				CLANG_CXX_LANGUAGE_STANDARD = "gnu++20";
				CLANG_ENABLE_MODULES = YES;
				CLANG_ENABLE_OBJC_ARC = YES;
				CLANG_ENABLE_OBJC_WEAK = YES;
				CLANG_WARN_BLOCK_CAPTURE_AUTORELEASING = YES;
				CLANG_WARN_BOOL_CONVERSION = YES;
				CLANG_WARN_COMMA = YES;
				CLANG_WARN_CONSTANT_CONVERSION = YES;
				CLANG_WARN_DEPRECATED_OBJC_IMPLEMENTATIONS = YES;
				CLANG_WARN_DIRECT_OBJC_ISA_USAGE = YES_ERROR;
				CLANG_WARN_DOCUMENTATION_COMMENTS = YES;
				CLANG_WARN_EMPTY_BODY = YES;
				CLANG_WARN_ENUM_CONVERSION = YES;
				CLANG_WARN_INFINITE_RECURSION = YES;
				CLANG_WARN_INT_CONVERSION = YES;
				CLANG_WARN_NON_LITERAL_NULL_CONVERSION = YES;
				CLANG_WARN_OBJC_IMPLICIT_RETAIN_SELF = YES;
				CLANG_WARN_OBJC_LITERAL_CONVERSION = YES;
				CLANG_WARN_OBJC_ROOT_CLASS = YES_ERROR;
				CLANG_WARN_QUOTED_INCLUDE_IN_FRAMEWORK_HEADER = YES;
				CLANG_WARN_RANGE_LOOP_ANALYSIS = YES;
				CLANG_WARN_STRICT_PROTOTYPES = YES;
				CLANG_WARN_SUSPICIOUS_MOVE = YES;
				CLANG_WARN_UNGUARDED_AVAILABILITY = YES_AGGRESSIVE;
				CLANG_WARN_UNREACHABLE_CODE = YES;
				CLANG_WARN__DUPLICATE_METHOD_MATCH = YES;
				COPY_PHASE_STRIP = NO;
				DEBUG_INFORMATION_FORMAT = dwarf;
				ENABLE_STRICT_OBJC_MSGSEND = YES;
				ENABLE_TESTABILITY = YES;
				ENABLE_USER_SCRIPT_SANDBOXING = YES;
				GCC_C_LANGUAGE_STANDARD = gnu17;
				GCC_DYNAMIC_NO_PIC = NO;
				GCC_NO_COMMON_BLOCKS = YES;
				GCC_OPTIMIZATION_LEVEL = 0;
				GCC_PREPROCESSOR_DEFINITIONS = (
					"DEBUG=1",
					"$(inherited)",
				);
				GCC_WARN_64_TO_32_BIT_CONVERSION = YES;
				GCC_WARN_ABOUT_RETURN_TYPE = YES_ERROR;
				GCC_WARN_UNDECLARED_SELECTOR = YES;
				GCC_WARN_UNINITIALIZED_AUTOS = YES_AGGRESSIVE;
				GCC_WARN_UNUSED_FUNCTION = YES;
				GCC_WARN_UNUSED_VARIABLE = YES;
				IPHONEOS_DEPLOYMENT_TARGET = 17.5;
				LOCALIZATION_PREFERS_STRING_CATALOGS = YES;
				MTL_ENABLE_DEBUG_INFO = INCLUDE_SOURCE;
				MTL_FAST_MATH = YES;
				ONLY_ACTIVE_ARCH = YES;
				SDKROOT = iphoneos;
				SWIFT_ACTIVE_COMPILATION_CONDITIONS = "DEBUG $(inherited)";
				SWIFT_OPTIMIZATION_LEVEL = "-Onone";
			};
			name = Debug;
		};
		5D3DDE842C8C8CB800E532BB /* Release */ = {
			isa = XCBuildConfiguration;
			buildSettings = {
				ALWAYS_SEARCH_USER_PATHS = NO;
				ASSETCATALOG_COMPILER_GENERATE_SWIFT_ASSET_SYMBOL_EXTENSIONS = YES;
				CLANG_ANALYZER_NONNULL = YES;
				CLANG_ANALYZER_NUMBER_OBJECT_CONVERSION = YES_AGGRESSIVE;
				CLANG_CXX_LANGUAGE_STANDARD = "gnu++20";
				CLANG_ENABLE_MODULES = YES;
				CLANG_ENABLE_OBJC_ARC = YES;
				CLANG_ENABLE_OBJC_WEAK = YES;
				CLANG_WARN_BLOCK_CAPTURE_AUTORELEASING = YES;
				CLANG_WARN_BOOL_CONVERSION = YES;
				CLANG_WARN_COMMA = YES;
				CLANG_WARN_CONSTANT_CONVERSION = YES;
				CLANG_WARN_DEPRECATED_OBJC_IMPLEMENTATIONS = YES;
				CLANG_WARN_DIRECT_OBJC_ISA_USAGE = YES_ERROR;
				CLANG_WARN_DOCUMENTATION_COMMENTS = YES;
				CLANG_WARN_EMPTY_BODY = YES;
				CLANG_WARN_ENUM_CONVERSION = YES;
				CLANG_WARN_INFINITE_RECURSION = YES;
				CLANG_WARN_INT_CONVERSION = YES;
				CLANG_WARN_NON_LITERAL_NULL_CONVERSION = YES;
				CLANG_WARN_OBJC_IMPLICIT_RETAIN_SELF = YES;
				CLANG_WARN_OBJC_LITERAL_CONVERSION = YES;
				CLANG_WARN_OBJC_ROOT_CLASS = YES_ERROR;
				CLANG_WARN_QUOTED_INCLUDE_IN_FRAMEWORK_HEADER = YES;
				CLANG_WARN_RANGE_LOOP_ANALYSIS = YES;
				CLANG_WARN_STRICT_PROTOTYPES = YES;
				CLANG_WARN_SUSPICIOUS_MOVE = YES;
				CLANG_WARN_UNGUARDED_AVAILABILITY = YES_AGGRESSIVE;
				CLANG_WARN_UNREACHABLE_CODE = YES;
				CLANG_WARN__DUPLICATE_METHOD_MATCH = YES;
				COPY_PHASE_STRIP = NO;
				DEBUG_INFORMATION_FORMAT = "dwarf-with-dsym";
				ENABLE_NS_ASSERTIONS = NO;
				ENABLE_STRICT_OBJC_MSGSEND = YES;
				ENABLE_USER_SCRIPT_SANDBOXING = YES;
				GCC_C_LANGUAGE_STANDARD = gnu17;
				GCC_NO_COMMON_BLOCKS = YES;
				GCC_WARN_64_TO_32_BIT_CONVERSION = YES;
				GCC_WARN_ABOUT_RETURN_TYPE = YES_ERROR;
				GCC_WARN_UNDECLARED_SELECTOR = YES;
				GCC_WARN_UNINITIALIZED_AUTOS = YES_AGGRESSIVE;
				GCC_WARN_UNUSED_FUNCTION = YES;
				GCC_WARN_UNUSED_VARIABLE = YES;
				IPHONEOS_DEPLOYMENT_TARGET = 17.5;
				LOCALIZATION_PREFERS_STRING_CATALOGS = YES;
				MTL_ENABLE_DEBUG_INFO = NO;
				MTL_FAST_MATH = YES;
				SDKROOT = iphoneos;
				SWIFT_COMPILATION_MODE = wholemodule;
				VALIDATE_PRODUCT = YES;
			};
			name = Release;
		};
		5D3DDE862C8C8CB800E532BB /* Debug */ = {
			isa = XCBuildConfiguration;
			buildSettings = {
				ASSETCATALOG_COMPILER_APPICON_NAME = AppIcon;
				ASSETCATALOG_COMPILER_GLOBAL_ACCENT_COLOR_NAME = AccentColor;
				CODE_SIGN_STYLE = Automatic;
				CURRENT_PROJECT_VERSION = 1;
				DEVELOPMENT_TEAM = U54N9MV9TR;
				GENERATE_INFOPLIST_FILE = YES;
				INFOPLIST_FILE = ImageApp/Info.plist;
				INFOPLIST_KEY_UIApplicationSupportsIndirectInputEvents = YES;
				INFOPLIST_KEY_UILaunchStoryboardName = LaunchScreen;
				INFOPLIST_KEY_UISupportedInterfaceOrientations = UIInterfaceOrientationPortrait;
				INFOPLIST_KEY_UISupportedInterfaceOrientations_iPad = "UIInterfaceOrientationLandscapeLeft UIInterfaceOrientationLandscapeRight UIInterfaceOrientationPortrait UIInterfaceOrientationPortraitUpsideDown";
				IPHONEOS_DEPLOYMENT_TARGET = 15.0;
				LD_RUNPATH_SEARCH_PATHS = (
					"$(inherited)",
					"@executable_path/Frameworks",
				);
				MARKETING_VERSION = 1.0;
				PRODUCT_BUNDLE_IDENTIFIER = EgorK.ImageApp;
				PRODUCT_NAME = "$(TARGET_NAME)";
				SUPPORTED_PLATFORMS = "iphoneos iphonesimulator";
				SUPPORTS_MACCATALYST = NO;
				SUPPORTS_MAC_DESIGNED_FOR_IPHONE_IPAD = NO;
				SUPPORTS_XR_DESIGNED_FOR_IPHONE_IPAD = NO;
				SWIFT_EMIT_LOC_STRINGS = YES;
				SWIFT_VERSION = 5.0;
				TARGETED_DEVICE_FAMILY = 1;
			};
			name = Debug;
		};
		5D3DDE872C8C8CB800E532BB /* Release */ = {
			isa = XCBuildConfiguration;
			buildSettings = {
				ASSETCATALOG_COMPILER_APPICON_NAME = AppIcon;
				ASSETCATALOG_COMPILER_GLOBAL_ACCENT_COLOR_NAME = AccentColor;
				CODE_SIGN_STYLE = Automatic;
				CURRENT_PROJECT_VERSION = 1;
				DEVELOPMENT_TEAM = U54N9MV9TR;
				GENERATE_INFOPLIST_FILE = YES;
				INFOPLIST_FILE = ImageApp/Info.plist;
				INFOPLIST_KEY_UIApplicationSupportsIndirectInputEvents = YES;
				INFOPLIST_KEY_UILaunchStoryboardName = LaunchScreen;
				INFOPLIST_KEY_UISupportedInterfaceOrientations = UIInterfaceOrientationPortrait;
				INFOPLIST_KEY_UISupportedInterfaceOrientations_iPad = "UIInterfaceOrientationLandscapeLeft UIInterfaceOrientationLandscapeRight UIInterfaceOrientationPortrait UIInterfaceOrientationPortraitUpsideDown";
				IPHONEOS_DEPLOYMENT_TARGET = 15.0;
				LD_RUNPATH_SEARCH_PATHS = (
					"$(inherited)",
					"@executable_path/Frameworks",
				);
				MARKETING_VERSION = 1.0;
				PRODUCT_BUNDLE_IDENTIFIER = EgorK.ImageApp;
				PRODUCT_NAME = "$(TARGET_NAME)";
				SUPPORTED_PLATFORMS = "iphoneos iphonesimulator";
				SUPPORTS_MACCATALYST = NO;
				SUPPORTS_MAC_DESIGNED_FOR_IPHONE_IPAD = NO;
				SUPPORTS_XR_DESIGNED_FOR_IPHONE_IPAD = NO;
				SWIFT_EMIT_LOC_STRINGS = YES;
				SWIFT_VERSION = 5.0;
				TARGETED_DEVICE_FAMILY = 1;
			};
			name = Release;
		};
/* End XCBuildConfiguration section */

/* Begin XCConfigurationList section */
		5D3DDE6C2C8C8CB700E532BB /* Build configuration list for PBXProject "ImageApp" */ = {
			isa = XCConfigurationList;
			buildConfigurations = (
				5D3DDE832C8C8CB800E532BB /* Debug */,
				5D3DDE842C8C8CB800E532BB /* Release */,
			);
			defaultConfigurationIsVisible = 0;
			defaultConfigurationName = Release;
		};
		5D3DDE852C8C8CB800E532BB /* Build configuration list for PBXNativeTarget "ImageApp" */ = {
			isa = XCConfigurationList;
			buildConfigurations = (
				5D3DDE862C8C8CB800E532BB /* Debug */,
				5D3DDE872C8C8CB800E532BB /* Release */,
			);
			defaultConfigurationIsVisible = 0;
			defaultConfigurationName = Release;
		};
/* End XCConfigurationList section */
	};
	rootObject = 5D3DDE692C8C8CB700E532BB /* Project object */;
}
